{
    "_readme": [
        "This file locks the dependencies of your project to a known state",
        "Read more about it at http://getcomposer.org/doc/01-basic-usage.md#composer-lock-the-lock-file",
        "This file is @generated automatically"
    ],
    "hash": "68e45d9c699f87272a4b539c2872c14e",
    "packages": [
        {
            "name": "components/jquery",
            "version": "2.1.3",
            "source": {
                "type": "git",
                "url": "https://github.com/components/jquery.git",
                "reference": "f8edb647d1833fd5d57410ab70860f03534cb2e8"
            },
            "dist": {
                "type": "zip",
                "url": "https://api.github.com/repos/components/jquery/zipball/f8edb647d1833fd5d57410ab70860f03534cb2e8",
                "reference": "f8edb647d1833fd5d57410ab70860f03534cb2e8",
                "shasum": ""
            },
            "type": "component",
            "extra": {
                "component": {
                    "scripts": [
                        "jquery.js"
                    ],
                    "files": [
                        "jquery.min.js",
                        "jquery.min.map",
                        "jquery-migrate.js",
                        "jquery-migrate.min.js"
                    ]
                }
            },
            "notification-url": "https://packagist.org/downloads/",
            "license": [
                "MIT"
            ],
            "authors": [
                {
                    "name": "John Resig",
                    "email": "jeresig@gmail.com"
                }
            ],
            "description": "jQuery JavaScript Library",
            "homepage": "http://jquery.com",
            "time": "2014-12-23 06:48:45"
        },
        {
            "name": "itguy614/knockout",
            "version": "dev-master",
            "source": {
                "type": "git",
                "url": "https://github.com/itguy614/knockout.git",
                "reference": "dd27b047f00cb85ca62d534febb7944723eef729"
            },
            "dist": {
                "type": "zip",
                "url": "https://api.github.com/repos/itguy614/knockout/zipball/dd27b047f00cb85ca62d534febb7944723eef729",
                "reference": "dd27b047f00cb85ca62d534febb7944723eef729",
                "shasum": ""
            },
            "require": {
                "components/jquery": ">=1.9.1"
            },
            "type": "component",
            "extra": {
                "component": {
                    "files": [
                        "js/knockout.js"
                    ],
                    "shim": {
                        "deps": [
                            "jquery"
                        ]
                    }
                }
            },
            "notification-url": "https://packagist.org/downloads/",
            "license": [
                "MIT"
            ],
            "description": "Knockout is a JavaScript MVVM (a modern variant of MVC) library that makes it easier to create rich, desktop-like user interfaces with JavaScript and HTML. It uses observers to make your UI automatically stay in sync with an underlying data model, along with a powerful and extensible set of declarative bindings to enable productive development.",
            "homepage": "http://knockoutjs.com",
            "time": "2015-04-13 14:03:44"
        },
        {
            "name": "twitter/bootstrap",
            "version": "dev-master",
            "source": {
                "type": "git",
                "url": "https://github.com/twbs/bootstrap.git",
                "reference": "a2680e8b6ba628312780b00d8d74d28d28b89a84"
            },
            "dist": {
                "type": "zip",
                "url": "https://api.github.com/repos/twbs/bootstrap/zipball/a2680e8b6ba628312780b00d8d74d28d28b89a84",
                "reference": "a2680e8b6ba628312780b00d8d74d28d28b89a84",
                "shasum": ""
            },
            "replace": {
                "twitter/bootstrap": "self.version"
            },
            "type": "library",
            "extra": {
                "branch-alias": {
                    "dev-master": "3.3.x-dev"
                }
            },
            "notification-url": "https://packagist.org/downloads/",
            "license": [
                "MIT"
            ],
            "authors": [
                {
                    "name": "Jacob Thornton",
                    "email": "jacobthornton@gmail.com"
                },
                {
                    "name": "Mark Otto",
                    "email": "markdotto@gmail.com"
                }
            ],
            "description": "The most popular front-end framework for developing responsive, mobile first projects on the web.",
            "homepage": "http://getbootstrap.com",
            "keywords": [
                "JS",
                "css",
                "framework",
                "front-end",
                "less",
                "mobile-first",
                "responsive",
                "web"
            ],
            "time": "2015-04-23 06:18:46"
        }
    ],
    "packages-dev": [],
    "aliases": [],
    "minimum-stability": "stable",
    "stability-flags": {
        "itguy614/knockout": 20,
        "twitter/bootstrap": 20
    },
    "prefer-stable": false,
    "prefer-lowest": false,
    "platform": [],
    "platform-dev": []
}
